// !$*UTF8*$!
{
	archiveVersion = 1;
	classes = {
	};
	objectVersion = 48;
	objects = {

/* Begin PBXBuildFile section */
		630B37CB205B5A4E00F47299 /* UITextField+GGConfiguration.m in Sources */ = {isa = PBXBuildFile; fileRef = 630B37CA205B5A4E00F47299 /* UITextField+GGConfiguration.m */; };
		630B37CE205B60DB00F47299 /* UIView+GGConfiguration.m in Sources */ = {isa = PBXBuildFile; fileRef = 630B37CD205B60DB00F47299 /* UIView+GGConfiguration.m */; };
		632B119920598D960061E3E7 /* UICollectionViewFlowLayout+GGConfiguration.m in Sources */ = {isa = PBXBuildFile; fileRef = 632B119820598D960061E3E7 /* UICollectionViewFlowLayout+GGConfiguration.m */; };
		632B119F20598FA10061E3E7 /* UITableViewCell+GGInstance.m in Sources */ = {isa = PBXBuildFile; fileRef = 632B119E20598FA10061E3E7 /* UITableViewCell+GGInstance.m */; };
		632B11A2205990B10061E3E7 /* UILabel+GGConfiguration.m in Sources */ = {isa = PBXBuildFile; fileRef = 632B11A1205990B10061E3E7 /* UILabel+GGConfiguration.m */; };
		632B11A5205990F40061E3E7 /* UIButton+GGConfiguration.m in Sources */ = {isa = PBXBuildFile; fileRef = 632B11A4205990F40061E3E7 /* UIButton+GGConfiguration.m */; };
		6352711F205777D1005B2166 /* AppDelegate.m in Sources */ = {isa = PBXBuildFile; fileRef = 6352711E205777D1005B2166 /* AppDelegate.m */; };
		63527122205777D1005B2166 /* ViewController.m in Sources */ = {isa = PBXBuildFile; fileRef = 63527121205777D1005B2166 /* ViewController.m */; };
		63527125205777D1005B2166 /* Main.storyboard in Resources */ = {isa = PBXBuildFile; fileRef = 63527123205777D1005B2166 /* Main.storyboard */; };
		63527127205777D1005B2166 /* Assets.xcassets in Resources */ = {isa = PBXBuildFile; fileRef = 63527126205777D1005B2166 /* Assets.xcassets */; };
		6352712A205777D1005B2166 /* LaunchScreen.storyboard in Resources */ = {isa = PBXBuildFile; fileRef = 63527128205777D1005B2166 /* LaunchScreen.storyboard */; };
		6352712D205777D1005B2166 /* main.m in Sources */ = {isa = PBXBuildFile; fileRef = 6352712C205777D1005B2166 /* main.m */; };
		6352713720577A19005B2166 /* UIView+GGFrame.m in Sources */ = {isa = PBXBuildFile; fileRef = 6352713620577A18005B2166 /* UIView+GGFrame.m */; };
		6352714120578A00005B2166 /* UIColor+GGRGBA.m in Sources */ = {isa = PBXBuildFile; fileRef = 6352714020578A00005B2166 /* UIColor+GGRGBA.m */; };
		635271682057A588005B2166 /* UIColor+GGHexString.m in Sources */ = {isa = PBXBuildFile; fileRef = 635271672057A588005B2166 /* UIColor+GGHexString.m */; };
		6352716B2057A703005B2166 /* UIImage+GGGIF.m in Sources */ = {isa = PBXBuildFile; fileRef = 6352716A2057A703005B2166 /* UIImage+GGGIF.m */; };
		635271902057B99E005B2166 /* UIButton+GGTouchEvent.m in Sources */ = {isa = PBXBuildFile; fileRef = 6352718F2057B99E005B2166 /* UIButton+GGTouchEvent.m */; };
		635271982057D877005B2166 /* UIView+GGGestureRecognizer.m in Sources */ = {isa = PBXBuildFile; fileRef = 635271972057D877005B2166 /* UIView+GGGestureRecognizer.m */; };
		6396E41F205A757900C49B6A /* NSObject+GGExtension.m in Sources */ = {isa = PBXBuildFile; fileRef = 6396E41E205A757900C49B6A /* NSObject+GGExtension.m */; };
/* End PBXBuildFile section */

/* Begin PBXFileReference section */
		630B37C9205B5A4E00F47299 /* UITextField+GGConfiguration.h */ = {isa = PBXFileReference; lastKnownFileType = sourcecode.c.h; path = "UITextField+GGConfiguration.h"; sourceTree = "<group>"; };
		630B37CA205B5A4E00F47299 /* UITextField+GGConfiguration.m */ = {isa = PBXFileReference; lastKnownFileType = sourcecode.c.objc; path = "UITextField+GGConfiguration.m"; sourceTree = "<group>"; };
		630B37CC205B60DB00F47299 /* UIView+GGConfiguration.h */ = {isa = PBXFileReference; lastKnownFileType = sourcecode.c.h; path = "UIView+GGConfiguration.h"; sourceTree = "<group>"; };
		630B37CD205B60DB00F47299 /* UIView+GGConfiguration.m */ = {isa = PBXFileReference; lastKnownFileType = sourcecode.c.objc; path = "UIView+GGConfiguration.m"; sourceTree = "<group>"; };
		632B119720598D960061E3E7 /* UICollectionViewFlowLayout+GGConfiguration.h */ = {isa = PBXFileReference; lastKnownFileType = sourcecode.c.h; path = "UICollectionViewFlowLayout+GGConfiguration.h"; sourceTree = "<group>"; };
		632B119820598D960061E3E7 /* UICollectionViewFlowLayout+GGConfiguration.m */ = {isa = PBXFileReference; lastKnownFileType = sourcecode.c.objc; path = "UICollectionViewFlowLayout+GGConfiguration.m"; sourceTree = "<group>"; };
		632B119D20598FA10061E3E7 /* UITableViewCell+GGInstance.h */ = {isa = PBXFileReference; lastKnownFileType = sourcecode.c.h; path = "UITableViewCell+GGInstance.h"; sourceTree = "<group>"; };
		632B119E20598FA10061E3E7 /* UITableViewCell+GGInstance.m */ = {isa = PBXFileReference; lastKnownFileType = sourcecode.c.objc; path = "UITableViewCell+GGInstance.m"; sourceTree = "<group>"; };
		632B11A0205990B10061E3E7 /* UILabel+GGConfiguration.h */ = {isa = PBXFileReference; lastKnownFileType = sourcecode.c.h; path = "UILabel+GGConfiguration.h"; sourceTree = "<group>"; };
		632B11A1205990B10061E3E7 /* UILabel+GGConfiguration.m */ = {isa = PBXFileReference; lastKnownFileType = sourcecode.c.objc; path = "UILabel+GGConfiguration.m"; sourceTree = "<group>"; };
		632B11A3205990F40061E3E7 /* UIButton+GGConfiguration.h */ = {isa = PBXFileReference; lastKnownFileType = sourcecode.c.h; path = "UIButton+GGConfiguration.h"; sourceTree = "<group>"; };
		632B11A4205990F40061E3E7 /* UIButton+GGConfiguration.m */ = {isa = PBXFileReference; lastKnownFileType = sourcecode.c.objc; path = "UIButton+GGConfiguration.m"; sourceTree = "<group>"; };
		6352711A205777D1005B2166 /* GGCategory.app */ = {isa = PBXFileReference; explicitFileType = wrapper.application; includeInIndex = 0; path = GGCategory.app; sourceTree = BUILT_PRODUCTS_DIR; };
		6352711D205777D1005B2166 /* AppDelegate.h */ = {isa = PBXFileReference; lastKnownFileType = sourcecode.c.h; path = AppDelegate.h; sourceTree = "<group>"; };
		6352711E205777D1005B2166 /* AppDelegate.m */ = {isa = PBXFileReference; lastKnownFileType = sourcecode.c.objc; path = AppDelegate.m; sourceTree = "<group>"; };
		63527120205777D1005B2166 /* ViewController.h */ = {isa = PBXFileReference; lastKnownFileType = sourcecode.c.h; path = ViewController.h; sourceTree = "<group>"; };
		63527121205777D1005B2166 /* ViewController.m */ = {isa = PBXFileReference; lastKnownFileType = sourcecode.c.objc; path = ViewController.m; sourceTree = "<group>"; };
		63527124205777D1005B2166 /* Base */ = {isa = PBXFileReference; lastKnownFileType = file.storyboard; name = Base; path = Base.lproj/Main.storyboard; sourceTree = "<group>"; };
		63527126205777D1005B2166 /* Assets.xcassets */ = {isa = PBXFileReference; lastKnownFileType = folder.assetcatalog; path = Assets.xcassets; sourceTree = "<group>"; };
		63527129205777D1005B2166 /* Base */ = {isa = PBXFileReference; lastKnownFileType = file.storyboard; name = Base; path = Base.lproj/LaunchScreen.storyboard; sourceTree = "<group>"; };
		6352712B205777D1005B2166 /* Info.plist */ = {isa = PBXFileReference; lastKnownFileType = text.plist.xml; path = Info.plist; sourceTree = "<group>"; };
		6352712C205777D1005B2166 /* main.m */ = {isa = PBXFileReference; lastKnownFileType = sourcecode.c.objc; path = main.m; sourceTree = "<group>"; };
		6352713520577A18005B2166 /* UIView+GGFrame.h */ = {isa = PBXFileReference; fileEncoding = 4; lastKnownFileType = sourcecode.c.h; path = "UIView+GGFrame.h"; sourceTree = "<group>"; };
		6352713620577A18005B2166 /* UIView+GGFrame.m */ = {isa = PBXFileReference; fileEncoding = 4; lastKnownFileType = sourcecode.c.objc; path = "UIView+GGFrame.m"; sourceTree = "<group>"; };
		6352713F20578A00005B2166 /* UIColor+GGRGBA.h */ = {isa = PBXFileReference; lastKnownFileType = sourcecode.c.h; path = "UIColor+GGRGBA.h"; sourceTree = "<group>"; };
		6352714020578A00005B2166 /* UIColor+GGRGBA.m */ = {isa = PBXFileReference; lastKnownFileType = sourcecode.c.objc; path = "UIColor+GGRGBA.m"; sourceTree = "<group>"; };
		635271642057A474005B2166 /* GGCategoryHeader.h */ = {isa = PBXFileReference; lastKnownFileType = sourcecode.c.h; path = GGCategoryHeader.h; sourceTree = "<group>"; };
		635271662057A588005B2166 /* UIColor+GGHexString.h */ = {isa = PBXFileReference; lastKnownFileType = sourcecode.c.h; path = "UIColor+GGHexString.h"; sourceTree = "<group>"; };
		635271672057A588005B2166 /* UIColor+GGHexString.m */ = {isa = PBXFileReference; lastKnownFileType = sourcecode.c.objc; path = "UIColor+GGHexString.m"; sourceTree = "<group>"; };
		635271692057A703005B2166 /* UIImage+GGGIF.h */ = {isa = PBXFileReference; lastKnownFileType = sourcecode.c.h; path = "UIImage+GGGIF.h"; sourceTree = "<group>"; };
		6352716A2057A703005B2166 /* UIImage+GGGIF.m */ = {isa = PBXFileReference; lastKnownFileType = sourcecode.c.objc; path = "UIImage+GGGIF.m"; sourceTree = "<group>"; };
		6352718E2057B99E005B2166 /* UIButton+GGTouchEvent.h */ = {isa = PBXFileReference; lastKnownFileType = sourcecode.c.h; path = "UIButton+GGTouchEvent.h"; sourceTree = "<group>"; };
		6352718F2057B99E005B2166 /* UIButton+GGTouchEvent.m */ = {isa = PBXFileReference; lastKnownFileType = sourcecode.c.objc; path = "UIButton+GGTouchEvent.m"; sourceTree = "<group>"; };
		635271962057D877005B2166 /* UIView+GGGestureRecognizer.h */ = {isa = PBXFileReference; lastKnownFileType = sourcecode.c.h; path = "UIView+GGGestureRecognizer.h"; sourceTree = "<group>"; };
		635271972057D877005B2166 /* UIView+GGGestureRecognizer.m */ = {isa = PBXFileReference; lastKnownFileType = sourcecode.c.objc; path = "UIView+GGGestureRecognizer.m"; sourceTree = "<group>"; };
		6396E41D205A757900C49B6A /* NSObject+GGExtension.h */ = {isa = PBXFileReference; lastKnownFileType = sourcecode.c.h; path = "NSObject+GGExtension.h"; sourceTree = "<group>"; };
		6396E41E205A757900C49B6A /* NSObject+GGExtension.m */ = {isa = PBXFileReference; lastKnownFileType = sourcecode.c.objc; path = "NSObject+GGExtension.m"; sourceTree = "<group>"; };
/* End PBXFileReference section */

/* Begin PBXFrameworksBuildPhase section */
		63527117205777D1005B2166 /* Frameworks */ = {
			isa = PBXFrameworksBuildPhase;
			buildActionMask = 2147483647;
			files = (
			);
			runOnlyForDeploymentPostprocessing = 0;
		};
/* End PBXFrameworksBuildPhase section */

/* Begin PBXGroup section */
		630B37C7205B59C700F47299 /* UITextField */ = {
			isa = PBXGroup;
			children = (
				630B37C9205B5A4E00F47299 /* UITextField+GGConfiguration.h */,
				630B37CA205B5A4E00F47299 /* UITextField+GGConfiguration.m */,
			);
			path = UITextField;
			sourceTree = "<group>";
		};
		632B119520598D630061E3E7 /* UITableViewCell */ = {
			isa = PBXGroup;
			children = (
				632B119D20598FA10061E3E7 /* UITableViewCell+GGInstance.h */,
				632B119E20598FA10061E3E7 /* UITableViewCell+GGInstance.m */,
			);
			path = UITableViewCell;
			sourceTree = "<group>";
		};
		632B119620598D630061E3E7 /* UICollectionViewFlowLayout */ = {
			isa = PBXGroup;
			children = (
				632B119720598D960061E3E7 /* UICollectionViewFlowLayout+GGConfiguration.h */,
				632B119820598D960061E3E7 /* UICollectionViewFlowLayout+GGConfiguration.m */,
			);
			path = UICollectionViewFlowLayout;
			sourceTree = "<group>";
		};
		63527111205777D1005B2166 = {
			isa = PBXGroup;
			children = (
				6352711C205777D1005B2166 /* GGCategory */,
				6352711B205777D1005B2166 /* Products */,
			);
			sourceTree = "<group>";
		};
		6352711B205777D1005B2166 /* Products */ = {
			isa = PBXGroup;
			children = (
				6352711A205777D1005B2166 /* GGCategory.app */,
			);
			name = Products;
			sourceTree = "<group>";
		};
		6352711C205777D1005B2166 /* GGCategory */ = {
			isa = PBXGroup;
			children = (
				6352713320577A18005B2166 /* GGCategory */,
				6352711D205777D1005B2166 /* AppDelegate.h */,
				6352711E205777D1005B2166 /* AppDelegate.m */,
				63527120205777D1005B2166 /* ViewController.h */,
				63527121205777D1005B2166 /* ViewController.m */,
				63527123205777D1005B2166 /* Main.storyboard */,
				63527126205777D1005B2166 /* Assets.xcassets */,
				63527128205777D1005B2166 /* LaunchScreen.storyboard */,
				6352712B205777D1005B2166 /* Info.plist */,
				6352712C205777D1005B2166 /* main.m */,
			);
			path = GGCategory;
			sourceTree = "<group>";
		};
		6352713320577A18005B2166 /* GGCategory */ = {
			isa = PBXGroup;
			children = (
				635271642057A474005B2166 /* GGCategoryHeader.h */,
				630B37C7205B59C700F47299 /* UITextField */,
				6396E41C205A755D00C49B6A /* NSObject */,
				632B119620598D630061E3E7 /* UICollectionViewFlowLayout */,
				632B119520598D630061E3E7 /* UITableViewCell */,
				6352713C20578995005B2166 /* UIButton */,
				6352713B20578995005B2166 /* UIColor */,
				6352713D20578995005B2166 /* UIImage */,
				6352713E20578996005B2166 /* UILabel */,
				6352713420577A18005B2166 /* UIView */,
			);
			path = GGCategory;
			sourceTree = "<group>";
		};
		6352713420577A18005B2166 /* UIView */ = {
			isa = PBXGroup;
			children = (
				6352713520577A18005B2166 /* UIView+GGFrame.h */,
				6352713620577A18005B2166 /* UIView+GGFrame.m */,
				635271962057D877005B2166 /* UIView+GGGestureRecognizer.h */,
				635271972057D877005B2166 /* UIView+GGGestureRecognizer.m */,
				630B37CC205B60DB00F47299 /* UIView+GGConfiguration.h */,
				630B37CD205B60DB00F47299 /* UIView+GGConfiguration.m */,
			);
			path = UIView;
			sourceTree = "<group>";
		};
		6352713B20578995005B2166 /* UIColor */ = {
			isa = PBXGroup;
			children = (
				6352713F20578A00005B2166 /* UIColor+GGRGBA.h */,
				6352714020578A00005B2166 /* UIColor+GGRGBA.m */,
				635271662057A588005B2166 /* UIColor+GGHexString.h */,
				635271672057A588005B2166 /* UIColor+GGHexString.m */,
			);
			path = UIColor;
			sourceTree = "<group>";
		};
		6352713C20578995005B2166 /* UIButton */ = {
			isa = PBXGroup;
			children = (
				6352718E2057B99E005B2166 /* UIButton+GGTouchEvent.h */,
				6352718F2057B99E005B2166 /* UIButton+GGTouchEvent.m */,
				632B11A3205990F40061E3E7 /* UIButton+GGConfiguration.h */,
				632B11A4205990F40061E3E7 /* UIButton+GGConfiguration.m */,
			);
			path = UIButton;
			sourceTree = "<group>";
		};
		6352713D20578995005B2166 /* UIImage */ = {
			isa = PBXGroup;
			children = (
				635271692057A703005B2166 /* UIImage+GGGIF.h */,
				6352716A2057A703005B2166 /* UIImage+GGGIF.m */,
			);
			path = UIImage;
			sourceTree = "<group>";
		};
		6352713E20578996005B2166 /* UILabel */ = {
			isa = PBXGroup;
			children = (
				632B11A0205990B10061E3E7 /* UILabel+GGConfiguration.h */,
				632B11A1205990B10061E3E7 /* UILabel+GGConfiguration.m */,
			);
			path = UILabel;
			sourceTree = "<group>";
		};
		6396E41C205A755D00C49B6A /* NSObject */ = {
			isa = PBXGroup;
			children = (
				6396E41D205A757900C49B6A /* NSObject+GGExtension.h */,
				6396E41E205A757900C49B6A /* NSObject+GGExtension.m */,
			);
			path = NSObject;
			sourceTree = "<group>";
		};
/* End PBXGroup section */

/* Begin PBXNativeTarget section */
		63527119205777D1005B2166 /* GGCategory */ = {
			isa = PBXNativeTarget;
			buildConfigurationList = 63527130205777D1005B2166 /* Build configuration list for PBXNativeTarget "GGCategory" */;
			buildPhases = (
				63527116205777D1005B2166 /* Sources */,
				63527117205777D1005B2166 /* Frameworks */,
				63527118205777D1005B2166 /* Resources */,
			);
			buildRules = (
			);
			dependencies = (
			);
			name = GGCategory;
			productName = GGCategory;
			productReference = 6352711A205777D1005B2166 /* GGCategory.app */;
			productType = "com.apple.product-type.application";
		};
/* End PBXNativeTarget section */

/* Begin PBXProject section */
		63527112205777D1005B2166 /* Project object */ = {
			isa = PBXProject;
			attributes = {
				CLASSPREFIX = GG;
				LastUpgradeCheck = 0920;
				ORGANIZATIONNAME = GG;
				TargetAttributes = {
					63527119205777D1005B2166 = {
						CreatedOnToolsVersion = 9.2;
						ProvisioningStyle = Automatic;
					};
				};
			};
			buildConfigurationList = 63527115205777D1005B2166 /* Build configuration list for PBXProject "GGCategory" */;
			compatibilityVersion = "Xcode 8.0";
			developmentRegion = en;
			hasScannedForEncodings = 0;
			knownRegions = (
				en,
				Base,
			);
			mainGroup = 63527111205777D1005B2166;
			productRefGroup = 6352711B205777D1005B2166 /* Products */;
			projectDirPath = "";
			projectRoot = "";
			targets = (
				63527119205777D1005B2166 /* GGCategory */,
			);
		};
/* End PBXProject section */

/* Begin PBXResourcesBuildPhase section */
		63527118205777D1005B2166 /* Resources */ = {
			isa = PBXResourcesBuildPhase;
			buildActionMask = 2147483647;
			files = (
				6352712A205777D1005B2166 /* LaunchScreen.storyboard in Resources */,
				63527127205777D1005B2166 /* Assets.xcassets in Resources */,
				63527125205777D1005B2166 /* Main.storyboard in Resources */,
			);
			runOnlyForDeploymentPostprocessing = 0;
		};
/* End PBXResourcesBuildPhase section */

/* Begin PBXSourcesBuildPhase section */
		63527116205777D1005B2166 /* Sources */ = {
			isa = PBXSourcesBuildPhase;
			buildActionMask = 2147483647;
			files = (
				632B119920598D960061E3E7 /* UICollectionViewFlowLayout+GGConfiguration.m in Sources */,
				6352713720577A19005B2166 /* UIView+GGFrame.m in Sources */,
				632B11A5205990F40061E3E7 /* UIButton+GGConfiguration.m in Sources */,
				632B119F20598FA10061E3E7 /* UITableViewCell+GGInstance.m in Sources */,
				632B11A2205990B10061E3E7 /* UILabel+GGConfiguration.m in Sources */,
				6352716B2057A703005B2166 /* UIImage+GGGIF.m in Sources */,
				635271902057B99E005B2166 /* UIButton+GGTouchEvent.m in Sources */,
				63527122205777D1005B2166 /* ViewController.m in Sources */,
				6352712D205777D1005B2166 /* main.m in Sources */,
				630B37CB205B5A4E00F47299 /* UITextField+GGConfiguration.m in Sources */,
				6352714120578A00005B2166 /* UIColor+GGRGBA.m in Sources */,
				635271682057A588005B2166 /* UIColor+GGHexString.m in Sources */,
				635271982057D877005B2166 /* UIView+GGGestureRecognizer.m in Sources */,
				630B37CE205B60DB00F47299 /* UIView+GGConfiguration.m in Sources */,
				6352711F205777D1005B2166 /* AppDelegate.m in Sources */,
				6396E41F205A757900C49B6A /* NSObject+GGExtension.m in Sources */,
			);
			runOnlyForDeploymentPostprocessing = 0;
		};
/* End PBXSourcesBuildPhase section */

/* Begin PBXVariantGroup section */
		63527123205777D1005B2166 /* Main.storyboard */ = {
			isa = PBXVariantGroup;
			children = (
				63527124205777D1005B2166 /* Base */,
			);
			name = Main.storyboard;
			sourceTree = "<group>";
		};
		63527128205777D1005B2166 /* LaunchScreen.storyboard */ = {
			isa = PBXVariantGroup;
			children = (
				63527129205777D1005B2166 /* Base */,
			);
			name = LaunchScreen.storyboard;
			sourceTree = "<group>";
		};
/* End PBXVariantGroup section */

/* Begin XCBuildConfiguration section */
		6352712E205777D1005B2166 /* Debug */ = {
			isa = XCBuildConfiguration;
			buildSettings = {
				ALWAYS_SEARCH_USER_PATHS = NO;
				CLANG_ANALYZER_NONNULL = YES;
				CLANG_ANALYZER_NUMBER_OBJECT_CONVERSION = YES_AGGRESSIVE;
				CLANG_CXX_LANGUAGE_STANDARD = "gnu++14";
				CLANG_CXX_LIBRARY = "libc++";
				CLANG_ENABLE_MODULES = YES;
				CLANG_ENABLE_OBJC_ARC = YES;
				CLANG_WARN_BLOCK_CAPTURE_AUTORELEASING = YES;
				CLANG_WARN_BOOL_CONVERSION = YES;
				CLANG_WARN_COMMA = YES;
				CLANG_WARN_CONSTANT_CONVERSION = YES;
				CLANG_WARN_DIRECT_OBJC_ISA_USAGE = YES_ERROR;
				CLANG_WARN_DOCUMENTATION_COMMENTS = YES;
				CLANG_WARN_EMPTY_BODY = YES;
				CLANG_WARN_ENUM_CONVERSION = YES;
				CLANG_WARN_INFINITE_RECURSION = YES;
				CLANG_WARN_INT_CONVERSION = YES;
				CLANG_WARN_NON_LITERAL_NULL_CONVERSION = YES;
				CLANG_WARN_OBJC_LITERAL_CONVERSION = YES;
				CLANG_WARN_OBJC_ROOT_CLASS = YES_ERROR;
				CLANG_WARN_RANGE_LOOP_ANALYSIS = YES;
				CLANG_WARN_STRICT_PROTOTYPES = YES;
				CLANG_WARN_SUSPICIOUS_MOVE = YES;
				CLANG_WARN_UNGUARDED_AVAILABILITY = YES_AGGRESSIVE;
				CLANG_WARN_UNREACHABLE_CODE = YES;
				CLANG_WARN__DUPLICATE_METHOD_MATCH = YES;
				CODE_SIGN_IDENTITY = "iPhone Developer";
				COPY_PHASE_STRIP = NO;
				DEBUG_INFORMATION_FORMAT = dwarf;
				ENABLE_STRICT_OBJC_MSGSEND = YES;
				ENABLE_TESTABILITY = YES;
				GCC_C_LANGUAGE_STANDARD = gnu11;
				GCC_DYNAMIC_NO_PIC = NO;
				GCC_NO_COMMON_BLOCKS = YES;
				GCC_OPTIMIZATION_LEVEL = 0;
				GCC_PREPROCESSOR_DEFINITIONS = (
					"DEBUG=1",
					"$(inherited)",
				);
				GCC_WARN_64_TO_32_BIT_CONVERSION = YES;
				GCC_WARN_ABOUT_RETURN_TYPE = YES_ERROR;
				GCC_WARN_UNDECLARED_SELECTOR = YES;
				GCC_WARN_UNINITIALIZED_AUTOS = YES_AGGRESSIVE;
				GCC_WARN_UNUSED_FUNCTION = YES;
				GCC_WARN_UNUSED_VARIABLE = YES;
				IPHONEOS_DEPLOYMENT_TARGET = 11.2;
				MTL_ENABLE_DEBUG_INFO = YES;
				ONLY_ACTIVE_ARCH = YES;
				SDKROOT = iphoneos;
			};
			name = Debug;
		};
		6352712F205777D1005B2166 /* Release */ = {
			isa = XCBuildConfiguration;
			buildSettings = {
				ALWAYS_SEARCH_USER_PATHS = NO;
				CLANG_ANALYZER_NONNULL = YES;
				CLANG_ANALYZER_NUMBER_OBJECT_CONVERSION = YES_AGGRESSIVE;
				CLANG_CXX_LANGUAGE_STANDARD = "gnu++14";
				CLANG_CXX_LIBRARY = "libc++";
				CLANG_ENABLE_MODULES = YES;
				CLANG_ENABLE_OBJC_ARC = YES;
				CLANG_WARN_BLOCK_CAPTURE_AUTORELEASING = YES;
				CLANG_WARN_BOOL_CONVERSION = YES;
				CLANG_WARN_COMMA = YES;
				CLANG_WARN_CONSTANT_CONVERSION = YES;
				CLANG_WARN_DIRECT_OBJC_ISA_USAGE = YES_ERROR;
				CLANG_WARN_DOCUMENTATION_COMMENTS = YES;
				CLANG_WARN_EMPTY_BODY = YES;
				CLANG_WARN_ENUM_CONVERSION = YES;
				CLANG_WARN_INFINITE_RECURSION = YES;
				CLANG_WARN_INT_CONVERSION = YES;
				CLANG_WARN_NON_LITERAL_NULL_CONVERSION = YES;
				CLANG_WARN_OBJC_LITERAL_CONVERSION = YES;
				CLANG_WARN_OBJC_ROOT_CLASS = YES_ERROR;
				CLANG_WARN_RANGE_LOOP_ANALYSIS = YES;
				CLANG_WARN_STRICT_PROTOTYPES = YES;
				CLANG_WARN_SUSPICIOUS_MOVE = YES;
				CLANG_WARN_UNGUARDED_AVAILABILITY = YES_AGGRESSIVE;
				CLANG_WARN_UNREACHABLE_CODE = YES;
				CLANG_WARN__DUPLICATE_METHOD_MATCH = YES;
				CODE_SIGN_IDENTITY = "iPhone Developer";
				COPY_PHASE_STRIP = NO;
				DEBUG_INFORMATION_FORMAT = "dwarf-with-dsym";
				ENABLE_NS_ASSERTIONS = NO;
				ENABLE_STRICT_OBJC_MSGSEND = YES;
				GCC_C_LANGUAGE_STANDARD = gnu11;
				GCC_NO_COMMON_BLOCKS = YES;
				GCC_WARN_64_TO_32_BIT_CONVERSION = YES;
				GCC_WARN_ABOUT_RETURN_TYPE = YES_ERROR;
				GCC_WARN_UNDECLARED_SELECTOR = YES;
				GCC_WARN_UNINITIALIZED_AUTOS = YES_AGGRESSIVE;
				GCC_WARN_UNUSED_FUNCTION = YES;
				GCC_WARN_UNUSED_VARIABLE = YES;
				IPHONEOS_DEPLOYMENT_TARGET = 11.2;
				MTL_ENABLE_DEBUG_INFO = NO;
				SDKROOT = iphoneos;
				VALIDATE_PRODUCT = YES;
			};
			name = Release;
		};
		63527131205777D1005B2166 /* Debug */ = {
			isa = XCBuildConfiguration;
			buildSettings = {
				ASSETCATALOG_COMPILER_APPICON_NAME = AppIcon;
				CODE_SIGN_STYLE = Automatic;
				DEVELOPMENT_TEAM = XV3T68XQ96;
				INFOPLIST_FILE = GGCategory/Info.plist;
				IPHONEOS_DEPLOYMENT_TARGET = 8.0;
				LD_RUNPATH_SEARCH_PATHS = "$(inherited) @executable_path/Frameworks";
				PRODUCT_BUNDLE_IDENTIFIER = com.manew.GGCategory;
				PRODUCT_NAME = "$(TARGET_NAME)";
				TARGETED_DEVICE_FAMILY = "1,2";
			};
			name = Debug;
		};
		63527132205777D1005B2166 /* Release */ = {
			isa = XCBuildConfiguration;
			buildSettings = {
				ASSETCATALOG_COMPILER_APPICON_NAME = AppIcon;
				CODE_SIGN_STYLE = Automatic;
				DEVELOPMENT_TEAM = XV3T68XQ96;
				INFOPLIST_FILE = GGCategory/Info.plist;
				IPHONEOS_DEPLOYMENT_TARGET = 8.0;
				LD_RUNPATH_SEARCH_PATHS = "$(inherited) @executable_path/Frameworks";
				PRODUCT_BUNDLE_IDENTIFIER = com.manew.GGCategory;
				PRODUCT_NAME = "$(TARGET_NAME)";
				TARGETED_DEVICE_FAMILY = "1,2";
			};
			name = Release;
		};
/* End XCBuildConfiguration section */

/* Begin XCConfigurationList section */
		63527115205777D1005B2166 /* Build configuration list for PBXProject "GGCategory" */ = {
			isa = XCConfigurationList;
			buildConfigurations = (
				6352712E205777D1005B2166 /* Debug */,
				6352712F205777D1005B2166 /* Release */,
			);
			defaultConfigurationIsVisible = 0;
			defaultConfigurationName = Release;
		};
		63527130205777D1005B2166 /* Build configuration list for PBXNativeTarget "GGCategory" */ = {
			isa = XCConfigurationList;
			buildConfigurations = (
				63527131205777D1005B2166 /* Debug */,
				63527132205777D1005B2166 /* Release */,
			);
			defaultConfigurationIsVisible = 0;
			defaultConfigurationName = Release;
		};
/* End XCConfigurationList section */
	};
	rootObject = 63527112205777D1005B2166 /* Project object */;
}
